PODS:
  - Capacitor (7.4.2):
    - CapacitorCordova
  - CapacitorApp (7.0.2):
    - Capacitor
  - CapacitorCordova (7.4.2)
  - CapacitorHaptics (7.0.2):
    - Capacitor
  - CapacitorKeyboard (7.0.2):
    - Capacitor
  - CapacitorNetwork (7.0.2):
    - Capacitor
  - CapacitorPreferences (7.0.2):
    - Capacitor
  - CapacitorSplashScreen (7.0.3):
    - Capacitor
  - CapacitorStatusBar (7.0.2):
    - Capacitor

DEPENDENCIES:
  - "Capacitor (from `../../node_modules/@capacitor/ios`)"
  - "CapacitorApp (from `../../node_modules/@capacitor/app`)"
  - "CapacitorCordova (from `../../node_modules/@capacitor/ios`)"
  - "CapacitorHaptics (from `../../node_modules/@capacitor/haptics`)"
  - "CapacitorKeyboard (from `../../node_modules/@capacitor/keyboard`)"
  - "CapacitorNetwork (from `../../node_modules/@capacitor/network`)"
  - "CapacitorPreferences (from `../../node_modules/@capacitor/preferences`)"
  - "CapacitorSplashScreen (from `../../node_modules/@capacitor/splash-screen`)"
  - "CapacitorStatusBar (from `../../node_modules/@capacitor/status-bar`)"

EXTERNAL SOURCES:
  Capacitor:
    :path: "../../node_modules/@capacitor/ios"
  CapacitorApp:
    :path: "../../node_modules/@capacitor/app"
  CapacitorCordova:
    :path: "../../node_modules/@capacitor/ios"
  CapacitorHaptics:
    :path: "../../node_modules/@capacitor/haptics"
  CapacitorKeyboard:
    :path: "../../node_modules/@capacitor/keyboard"
  CapacitorNetwork:
    :path: "../../node_modules/@capacitor/network"
  CapacitorPreferences:
    :path: "../../node_modules/@capacitor/preferences"
  CapacitorSplashScreen:
    :path: "../../node_modules/@capacitor/splash-screen"
  CapacitorStatusBar:
    :path: "../../node_modules/@capacitor/status-bar"

SPEC CHECKSUMS:
  Capacitor: 156d98aba46ec01dde72c4bbb92fa626837cad29
  CapacitorApp: efc1e9748a8ea5d3e789cd82a4f451341cc7ac93
  CapacitorCordova: 5e58d04631bc5094894ac106e2bf1da18a9e6151
  CapacitorHaptics: 09d96bcb5a2b74ede8fd039b4cdf58fc43dcacf1
  CapacitorKeyboard: 056bbe3711830ccb782f1705a8ad183b27b6c51e
  CapacitorNetwork: 9b9eaeb417ec0ffa22e2bc33a4c71df10e1d6f06
  CapacitorPreferences: b583b5deb74e564c35968189d25d32c0fd41200d
  CapacitorSplashScreen: d06ae8804808e9f649a08e7bb7f283c77b688084
  CapacitorStatusBar: 5526833b87fa9c96a2a90c1322bb1f663c04505f

PODFILE CHECKSUM: dc5a63a3f3be83225bff387b59a2b07d68d3cce5

COCOAPODS: 1.16.2
